// !$*UTF8*$!
{
	archiveVersion = 1;
	classes = {
	};
	objectVersion = 55;
	objects = {

/* Begin PBXBuildFile section */
		BCAB026F2855AC0100C8E6E4 /* AppDelegate.swift in Sources */ = {isa = PBXBuildFile; fileRef = BCAB026E2855AC0100C8E6E4 /* AppDelegate.swift */; };
		BCAB02712855AC0100C8E6E4 /* SceneDelegate.swift in Sources */ = {isa = PBXBuildFile; fileRef = BCAB02702855AC0100C8E6E4 /* SceneDelegate.swift */; };
		BCAB02762855AC0100C8E6E4 /* Main.storyboard in Resources */ = {isa = PBXBuildFile; fileRef = BCAB02742855AC0100C8E6E4 /* Main.storyboard */; };
		BCAB02782855AC0200C8E6E4 /* Assets.xcassets in Resources */ = {isa = PBXBuildFile; fileRef = BCAB02772855AC0200C8E6E4 /* Assets.xcassets */; };
		BCAB027B2855AC0200C8E6E4 /* LaunchScreen.storyboard in Resources */ = {isa = PBXBuildFile; fileRef = BCAB02792855AC0200C8E6E4 /* LaunchScreen.storyboard */; };
		BCAB02832855AD6400C8E6E4 /* Chat.swift in Sources */ = {isa = PBXBuildFile; fileRef = BCAB02822855AD6400C8E6E4 /* Chat.swift */; };
		BCAB02852855AD9300C8E6E4 /* ChatListViewController.swift in Sources */ = {isa = PBXBuildFile; fileRef = BCAB02842855AD9300C8E6E4 /* ChatListViewController.swift */; };
		BCAB02872855C29C00C8E6E4 /* ChatListCollectionViewCell.swift in Sources */ = {isa = PBXBuildFile; fileRef = BCAB02862855C29C00C8E6E4 /* ChatListCollectionViewCell.swift */; };
/* End PBXBuildFile section */

/* Begin PBXFileReference section */
		BCAB026B2855AC0100C8E6E4 /* ChatList.app */ = {isa = PBXFileReference; explicitFileType = wrapper.application; includeInIndex = 0; path = ChatList.app; sourceTree = BUILT_PRODUCTS_DIR; };
		BCAB026E2855AC0100C8E6E4 /* AppDelegate.swift */ = {isa = PBXFileReference; lastKnownFileType = sourcecode.swift; path = AppDelegate.swift; sourceTree = "<group>"; };
		BCAB02702855AC0100C8E6E4 /* SceneDelegate.swift */ = {isa = PBXFileReference; lastKnownFileType = sourcecode.swift; path = SceneDelegate.swift; sourceTree = "<group>"; };
		BCAB02752855AC0100C8E6E4 /* Base */ = {isa = PBXFileReference; lastKnownFileType = file.storyboard; name = Base; path = Base.lproj/Main.storyboard; sourceTree = "<group>"; };
		BCAB02772855AC0200C8E6E4 /* Assets.xcassets */ = {isa = PBXFileReference; lastKnownFileType = folder.assetcatalog; path = Assets.xcassets; sourceTree = "<group>"; };
		BCAB027A2855AC0200C8E6E4 /* Base */ = {isa = PBXFileReference; lastKnownFileType = file.storyboard; name = Base; path = Base.lproj/LaunchScreen.storyboard; sourceTree = "<group>"; };
		BCAB027C2855AC0200C8E6E4 /* Info.plist */ = {isa = PBXFileReference; lastKnownFileType = text.plist.xml; path = Info.plist; sourceTree = "<group>"; };
		BCAB02822855AD6400C8E6E4 /* Chat.swift */ = {isa = PBXFileReference; lastKnownFileType = sourcecode.swift; path = Chat.swift; sourceTree = "<group>"; };
		BCAB02842855AD9300C8E6E4 /* ChatListViewController.swift */ = {isa = PBXFileReference; lastKnownFileType = sourcecode.swift; path = ChatListViewController.swift; sourceTree = "<group>"; };
		BCAB02862855C29C00C8E6E4 /* ChatListCollectionViewCell.swift */ = {isa = PBXFileReference; lastKnownFileType = sourcecode.swift; path = ChatListCollectionViewCell.swift; sourceTree = "<group>"; };
/* End PBXFileReference section */

/* Begin PBXFrameworksBuildPhase section */
		BCAB02682855AC0100C8E6E4 /* Frameworks */ = {
			isa = PBXFrameworksBuildPhase;
			buildActionMask = 2147483647;
			files = (
			);
			runOnlyForDeploymentPostprocessing = 0;
		};
/* End PBXFrameworksBuildPhase section */

/* Begin PBXGroup section */
		BCAB02622855AC0100C8E6E4 = {
			isa = PBXGroup;
			children = (
				BCAB026D2855AC0100C8E6E4 /* ChatList */,
				BCAB026C2855AC0100C8E6E4 /* Products */,
			);
			sourceTree = "<group>";
		};
		BCAB026C2855AC0100C8E6E4 /* Products */ = {
			isa = PBXGroup;
			children = (
				BCAB026B2855AC0100C8E6E4 /* ChatList.app */,
			);
			name = Products;
			sourceTree = "<group>";
		};
		BCAB026D2855AC0100C8E6E4 /* ChatList */ = {
			isa = PBXGroup;
			children = (
				BCAB026E2855AC0100C8E6E4 /* AppDelegate.swift */,
				BCAB02702855AC0100C8E6E4 /* SceneDelegate.swift */,
				BCAB02742855AC0100C8E6E4 /* Main.storyboard */,
				BCAB02862855C29C00C8E6E4 /* ChatListCollectionViewCell.swift */,
				BCAB02772855AC0200C8E6E4 /* Assets.xcassets */,
				BCAB02792855AC0200C8E6E4 /* LaunchScreen.storyboard */,
				BCAB027C2855AC0200C8E6E4 /* Info.plist */,
				BCAB02822855AD6400C8E6E4 /* Chat.swift */,
				BCAB02842855AD9300C8E6E4 /* ChatListViewController.swift */,
			);
			path = ChatList;
			sourceTree = "<group>";
		};
/* End PBXGroup section */

/* Begin PBXNativeTarget section */
		BCAB026A2855AC0100C8E6E4 /* ChatList */ = {
			isa = PBXNativeTarget;
			buildConfigurationList = BCAB027F2855AC0200C8E6E4 /* Build configuration list for PBXNativeTarget "ChatList" */;
			buildPhases = (
				BCAB02672855AC0100C8E6E4 /* Sources */,
				BCAB02682855AC0100C8E6E4 /* Frameworks */,
				BCAB02692855AC0100C8E6E4 /* Resources */,
			);
			buildRules = (
			);
			dependencies = (
			);
			name = ChatList;
			productName = ChatList;
			productReference = BCAB026B2855AC0100C8E6E4 /* ChatList.app */;
			productType = "com.apple.product-type.application";
		};
/* End PBXNativeTarget section */

/* Begin PBXProject section */
		BCAB02632855AC0100C8E6E4 /* Project object */ = {
			isa = PBXProject;
			attributes = {
				BuildIndependentTargetsInParallel = 1;
				LastSwiftUpdateCheck = 1340;
				LastUpgradeCheck = 1340;
				TargetAttributes = {
					BCAB026A2855AC0100C8E6E4 = {
						CreatedOnToolsVersion = 13.4;
					};
				};
			};
			buildConfigurationList = BCAB02662855AC0100C8E6E4 /* Build configuration list for PBXProject "ChatList" */;
			compatibilityVersion = "Xcode 13.0";
			developmentRegion = en;
			hasScannedForEncodings = 0;
			knownRegions = (
				en,
				Base,
			);
			mainGroup = BCAB02622855AC0100C8E6E4;
			productRefGroup = BCAB026C2855AC0100C8E6E4 /* Products */;
			projectDirPath = "";
			projectRoot = "";
			targets = (
				BCAB026A2855AC0100C8E6E4 /* ChatList */,
			);
		};
/* End PBXProject section */

/* Begin PBXResourcesBuildPhase section */
		BCAB02692855AC0100C8E6E4 /* Resources */ = {
			isa = PBXResourcesBuildPhase;
			buildActionMask = 2147483647;
			files = (
				BCAB027B2855AC0200C8E6E4 /* LaunchScreen.storyboard in Resources */,
				BCAB02782855AC0200C8E6E4 /* Assets.xcassets in Resources */,
				BCAB02762855AC0100C8E6E4 /* Main.storyboard in Resources */,
			);
			runOnlyForDeploymentPostprocessing = 0;
		};
/* End PBXResourcesBuildPhase section */

/* Begin PBXSourcesBuildPhase section */
		BCAB02672855AC0100C8E6E4 /* Sources */ = {
			isa = PBXSourcesBuildPhase;
			buildActionMask = 2147483647;
			files = (
				BCAB02872855C29C00C8E6E4 /* ChatListCollectionViewCell.swift in Sources */,
				BCAB026F2855AC0100C8E6E4 /* AppDelegate.swift in Sources */,
				BCAB02832855AD6400C8E6E4 /* Chat.swift in Sources */,
				BCAB02852855AD9300C8E6E4 /* ChatListViewController.swift in Sources */,
				BCAB02712855AC0100C8E6E4 /* SceneDelegate.swift in Sources */,
			);
			runOnlyForDeploymentPostprocessing = 0;
		};
/* End PBXSourcesBuildPhase section */

/* Begin PBXVariantGroup section */
		BCAB02742855AC0100C8E6E4 /* Main.storyboard */ = {
			isa = PBXVariantGroup;
			children = (
				BCAB02752855AC0100C8E6E4 /* Base */,
			);
			name = Main.storyboard;
			sourceTree = "<group>";
		};
		BCAB02792855AC0200C8E6E4 /* LaunchScreen.storyboard */ = {
			isa = PBXVariantGroup;
			children = (
				BCAB027A2855AC0200C8E6E4 /* Base */,
			);
			name = LaunchScreen.storyboard;
			sourceTree = "<group>";
		};
/* End PBXVariantGroup section */

/* Begin XCBuildConfiguration section */
		BCAB027D2855AC0200C8E6E4 /* Debug */ = {
			isa = XCBuildConfiguration;
			buildSettings = {
				ALWAYS_SEARCH_USER_PATHS = NO;
				CLANG_ANALYZER_NONNULL = YES;
				CLANG_ANALYZER_NUMBER_OBJECT_CONVERSION = YES_AGGRESSIVE;
				CLANG_CXX_LANGUAGE_STANDARD = "gnu++17";
				CLANG_ENABLE_MODULES = YES;
				CLANG_ENABLE_OBJC_ARC = YES;
				CLANG_ENABLE_OBJC_WEAK = YES;
				CLANG_WARN_BLOCK_CAPTURE_AUTORELEASING = YES;
				CLANG_WARN_BOOL_CONVERSION = YES;
				CLANG_WARN_COMMA = YES;
				CLANG_WARN_CONSTANT_CONVERSION = YES;
				CLANG_WARN_DEPRECATED_OBJC_IMPLEMENTATIONS = YES;
				CLANG_WARN_DIRECT_OBJC_ISA_USAGE = YES_ERROR;
				CLANG_WARN_DOCUMENTATION_COMMENTS = YES;
				CLANG_WARN_EMPTY_BODY = YES;
				CLANG_WARN_ENUM_CONVERSION = YES;
				CLANG_WARN_INFINITE_RECURSION = YES;
				CLANG_WARN_INT_CONVERSION = YES;
				CLANG_WARN_NON_LITERAL_NULL_CONVERSION = YES;
				CLANG_WARN_OBJC_IMPLICIT_RETAIN_SELF = YES;
				CLANG_WARN_OBJC_LITERAL_CONVERSION = YES;
				CLANG_WARN_OBJC_ROOT_CLASS = YES_ERROR;
				CLANG_WARN_QUOTED_INCLUDE_IN_FRAMEWORK_HEADER = YES;
				CLANG_WARN_RANGE_LOOP_ANALYSIS = YES;
				CLANG_WARN_STRICT_PROTOTYPES = YES;
				CLANG_WARN_SUSPICIOUS_MOVE = YES;
				CLANG_WARN_UNGUARDED_AVAILABILITY = YES_AGGRESSIVE;
				CLANG_WARN_UNREACHABLE_CODE = YES;
				CLANG_WARN__DUPLICATE_METHOD_MATCH = YES;
				COPY_PHASE_STRIP = NO;
				DEBUG_INFORMATION_FORMAT = dwarf;
				ENABLE_STRICT_OBJC_MSGSEND = YES;
				ENABLE_TESTABILITY = YES;
				GCC_C_LANGUAGE_STANDARD = gnu11;
				GCC_DYNAMIC_NO_PIC = NO;
				GCC_NO_COMMON_BLOCKS = YES;
				GCC_OPTIMIZATION_LEVEL = 0;
				GCC_PREPROCESSOR_DEFINITIONS = (
					"DEBUG=1",
					"$(inherited)",
				);
				GCC_WARN_64_TO_32_BIT_CONVERSION = YES;
				GCC_WARN_ABOUT_RETURN_TYPE = YES_ERROR;
				GCC_WARN_UNDECLARED_SELECTOR = YES;
				GCC_WARN_UNINITIALIZED_AUTOS = YES_AGGRESSIVE;
				GCC_WARN_UNUSED_FUNCTION = YES;
				GCC_WARN_UNUSED_VARIABLE = YES;
				IPHONEOS_DEPLOYMENT_TARGET = 15.5;
				MTL_ENABLE_DEBUG_INFO = INCLUDE_SOURCE;
				MTL_FAST_MATH = YES;
				ONLY_ACTIVE_ARCH = YES;
				SDKROOT = iphoneos;
				SWIFT_ACTIVE_COMPILATION_CONDITIONS = DEBUG;
				SWIFT_OPTIMIZATION_LEVEL = "-Onone";
			};
			name = Debug;
		};
		BCAB027E2855AC0200C8E6E4 /* Release */ = {
			isa = XCBuildConfiguration;
			buildSettings = {
				ALWAYS_SEARCH_USER_PATHS = NO;
				CLANG_ANALYZER_NONNULL = YES;
				CLANG_ANALYZER_NUMBER_OBJECT_CONVERSION = YES_AGGRESSIVE;
				CLANG_CXX_LANGUAGE_STANDARD = "gnu++17";
				CLANG_ENABLE_MODULES = YES;
				CLANG_ENABLE_OBJC_ARC = YES;
				CLANG_ENABLE_OBJC_WEAK = YES;
				CLANG_WARN_BLOCK_CAPTURE_AUTORELEASING = YES;
				CLANG_WARN_BOOL_CONVERSION = YES;
				CLANG_WARN_COMMA = YES;
				CLANG_WARN_CONSTANT_CONVERSION = YES;
				CLANG_WARN_DEPRECATED_OBJC_IMPLEMENTATIONS = YES;
				CLANG_WARN_DIRECT_OBJC_ISA_USAGE = YES_ERROR;
				CLANG_WARN_DOCUMENTATION_COMMENTS = YES;
				CLANG_WARN_EMPTY_BODY = YES;
				CLANG_WARN_ENUM_CONVERSION = YES;
				CLANG_WARN_INFINITE_RECURSION = YES;
				CLANG_WARN_INT_CONVERSION = YES;
				CLANG_WARN_NON_LITERAL_NULL_CONVERSION = YES;
				CLANG_WARN_OBJC_IMPLICIT_RETAIN_SELF = YES;
				CLANG_WARN_OBJC_LITERAL_CONVERSION = YES;
				CLANG_WARN_OBJC_ROOT_CLASS = YES_ERROR;
				CLANG_WARN_QUOTED_INCLUDE_IN_FRAMEWORK_HEADER = YES;
				CLANG_WARN_RANGE_LOOP_ANALYSIS = YES;
				CLANG_WARN_STRICT_PROTOTYPES = YES;
				CLANG_WARN_SUSPICIOUS_MOVE = YES;
				CLANG_WARN_UNGUARDED_AVAILABILITY = YES_AGGRESSIVE;
				CLANG_WARN_UNREACHABLE_CODE = YES;
				CLANG_WARN__DUPLICATE_METHOD_MATCH = YES;
				COPY_PHASE_STRIP = NO;
				DEBUG_INFORMATION_FORMAT = "dwarf-with-dsym";
				ENABLE_NS_ASSERTIONS = NO;
				ENABLE_STRICT_OBJC_MSGSEND = YES;
				GCC_C_LANGUAGE_STANDARD = gnu11;
				GCC_NO_COMMON_BLOCKS = YES;
				GCC_WARN_64_TO_32_BIT_CONVERSION = YES;
				GCC_WARN_ABOUT_RETURN_TYPE = YES_ERROR;
				GCC_WARN_UNDECLARED_SELECTOR = YES;
				GCC_WARN_UNINITIALIZED_AUTOS = YES_AGGRESSIVE;
				GCC_WARN_UNUSED_FUNCTION = YES;
				GCC_WARN_UNUSED_VARIABLE = YES;
				IPHONEOS_DEPLOYMENT_TARGET = 15.5;
				MTL_ENABLE_DEBUG_INFO = NO;
				MTL_FAST_MATH = YES;
				SDKROOT = iphoneos;
				SWIFT_COMPILATION_MODE = wholemodule;
				SWIFT_OPTIMIZATION_LEVEL = "-O";
				VALIDATE_PRODUCT = YES;
			};
			name = Release;
		};
		BCAB02802855AC0200C8E6E4 /* Debug */ = {
			isa = XCBuildConfiguration;
			buildSettings = {
				ASSETCATALOG_COMPILER_APPICON_NAME = AppIcon;
				ASSETCATALOG_COMPILER_GLOBAL_ACCENT_COLOR_NAME = AccentColor;
				CODE_SIGN_STYLE = Automatic;
				CURRENT_PROJECT_VERSION = 1;
				DEVELOPMENT_TEAM = Z985J79ZCC;
				GENERATE_INFOPLIST_FILE = YES;
				INFOPLIST_FILE = ChatList/Info.plist;
				INFOPLIST_KEY_UIApplicationSupportsIndirectInputEvents = YES;
				INFOPLIST_KEY_UILaunchStoryboardName = LaunchScreen;
				INFOPLIST_KEY_UIMainStoryboardFile = Main;
				INFOPLIST_KEY_UISupportedInterfaceOrientations_iPad = "UIInterfaceOrientationPortrait UIInterfaceOrientationPortraitUpsideDown UIInterfaceOrientationLandscapeLeft UIInterfaceOrientationLandscapeRight";
				INFOPLIST_KEY_UISupportedInterfaceOrientations_iPhone = "UIInterfaceOrientationPortrait UIInterfaceOrientationLandscapeLeft UIInterfaceOrientationLandscapeRight";
				LD_RUNPATH_SEARCH_PATHS = (
					"$(inherited)",
					"@executable_path/Frameworks",
				);
				MARKETING_VERSION = 1.0;
				PRODUCT_BUNDLE_IDENTIFIER = giyong.ChatList;
				PRODUCT_NAME = "$(TARGET_NAME)";
				SWIFT_EMIT_LOC_STRINGS = YES;
				SWIFT_VERSION = 5.0;
				TARGETED_DEVICE_FAMILY = "1,2";
			};
			name = Debug;
		};
		BCAB02812855AC0200C8E6E4 /* Release */ = {
			isa = XCBuildConfiguration;
			buildSettings = {
				ASSETCATALOG_COMPILER_APPICON_NAME = AppIcon;
				ASSETCATALOG_COMPILER_GLOBAL_ACCENT_COLOR_NAME = AccentColor;
				CODE_SIGN_STYLE = Automatic;
				CURRENT_PROJECT_VERSION = 1;
				DEVELOPMENT_TEAM = Z985J79ZCC;
				GENERATE_INFOPLIST_FILE = YES;
				INFOPLIST_FILE = ChatList/Info.plist;
				INFOPLIST_KEY_UIApplicationSupportsIndirectInputEvents = YES;
				INFOPLIST_KEY_UILaunchStoryboardName = LaunchScreen;
				INFOPLIST_KEY_UIMainStoryboardFile = Main;
				INFOPLIST_KEY_UISupportedInterfaceOrientations_iPad = "UIInterfaceOrientationPortrait UIInterfaceOrientationPortraitUpsideDown UIInterfaceOrientationLandscapeLeft UIInterfaceOrientationLandscapeRight";
				INFOPLIST_KEY_UISupportedInterfaceOrientations_iPhone = "UIInterfaceOrientationPortrait UIInterfaceOrientationLandscapeLeft UIInterfaceOrientationLandscapeRight";
				LD_RUNPATH_SEARCH_PATHS = (
					"$(inherited)",
					"@executable_path/Frameworks",
				);
				MARKETING_VERSION = 1.0;
				PRODUCT_BUNDLE_IDENTIFIER = giyong.ChatList;
				PRODUCT_NAME = "$(TARGET_NAME)";
				SWIFT_EMIT_LOC_STRINGS = YES;
				SWIFT_VERSION = 5.0;
				TARGETED_DEVICE_FAMILY = "1,2";
			};
			name = Release;
		};
/* End XCBuildConfiguration section */

/* Begin XCConfigurationList section */
		BCAB02662855AC0100C8E6E4 /* Build configuration list for PBXProject "ChatList" */ = {
			isa = XCConfigurationList;
			buildConfigurations = (
				BCAB027D2855AC0200C8E6E4 /* Debug */,
				BCAB027E2855AC0200C8E6E4 /* Release */,
			);
			defaultConfigurationIsVisible = 0;
			defaultConfigurationName = Release;
		};
		BCAB027F2855AC0200C8E6E4 /* Build configuration list for PBXNativeTarget "ChatList" */ = {
			isa = XCConfigurationList;
			buildConfigurations = (
				BCAB02802855AC0200C8E6E4 /* Debug */,
				BCAB02812855AC0200C8E6E4 /* Release */,
			);
			defaultConfigurationIsVisible = 0;
			defaultConfigurationName = Release;
		};
/* End XCConfigurationList section */
	};
	rootObject = BCAB02632855AC0100C8E6E4 /* Project object */;
}
